
Microsoft Visual Studio Solution File, Format Version 12.00
# Visual Studio 15
VisualStudioVersion = 15.0.26124.0
MinimumVisualStudioVersion = 15.0.26124.0
Project("{FAE04EC0-301F-11D3-BF4B-00C04F79EFBC}") = "Domain", "Domain\Domain.csproj", "{7494E63A-DE69-487F-9BA2-9D12F264310E}"
EndProject
Project("{FAE04EC0-301F-11D3-BF4B-00C04F79EFBC}") = "Application", "Application\Application.csproj", "{0DBA3A41-FAB5-41A4-8E33-254A5D46479D}"
EndProject
Project("{FAE04EC0-301F-11D3-BF4B-00C04F79EFBC}") = "Persistence", "Persistence\Persistence.csproj", "{5B4DB09E-2DE0-41C3-A426-36B6DE8BE3E2}"
EndProject
Project("{FAE04EC0-301F-11D3-BF4B-00C04F79EFBC}") = "API", "API\API.csproj", "{A8F89505-204E-4748-B741-DEED47E4A91B}"
EndProject
Global
	GlobalSection(SolutionConfigurationPlatforms) = preSolution
		Debug|Any CPU = Debug|Any CPU
		Debug|x64 = Debug|x64
		Debug|x86 = Debug|x86
		Release|Any CPU = Release|Any CPU
		Release|x64 = Release|x64
		Release|x86 = Release|x86
	EndGlobalSection
	GlobalSection(SolutionProperties) = preSolution
		HideSolutionNode = FALSE
	EndGlobalSection
	GlobalSection(ProjectConfigurationPlatforms) = postSolution
		{7494E63A-DE69-487F-9BA2-9D12F264310E}.Debug|Any CPU.ActiveCfg = Debug|Any CPU
		{7494E63A-DE69-487F-9BA2-9D12F264310E}.Debug|Any CPU.Build.0 = Debug|Any CPU
		{7494E63A-DE69-487F-9BA2-9D12F264310E}.Debug|x64.ActiveCfg = Debug|Any CPU
		{7494E63A-DE69-487F-9BA2-9D12F264310E}.Debug|x64.Build.0 = Debug|Any CPU
		{7494E63A-DE69-487F-9BA2-9D12F264310E}.Debug|x86.ActiveCfg = Debug|Any CPU
		{7494E63A-DE69-487F-9BA2-9D12F264310E}.Debug|x86.Build.0 = Debug|Any CPU
		{7494E63A-DE69-487F-9BA2-9D12F264310E}.Release|Any CPU.ActiveCfg = Release|Any CPU
		{7494E63A-DE69-487F-9BA2-9D12F264310E}.Release|Any CPU.Build.0 = Release|Any CPU
		{7494E63A-DE69-487F-9BA2-9D12F264310E}.Release|x64.ActiveCfg = Release|Any CPU
		{7494E63A-DE69-487F-9BA2-9D12F264310E}.Release|x64.Build.0 = Release|Any CPU
		{7494E63A-DE69-487F-9BA2-9D12F264310E}.Release|x86.ActiveCfg = Release|Any CPU
		{7494E63A-DE69-487F-9BA2-9D12F264310E}.Release|x86.Build.0 = Release|Any CPU
		{0DBA3A41-FAB5-41A4-8E33-254A5D46479D}.Debug|Any CPU.ActiveCfg = Debug|Any CPU
		{0DBA3A41-FAB5-41A4-8E33-254A5D46479D}.Debug|Any CPU.Build.0 = Debug|Any CPU
		{0DBA3A41-FAB5-41A4-8E33-254A5D46479D}.Debug|x64.ActiveCfg = Debug|Any CPU
		{0DBA3A41-FAB5-41A4-8E33-254A5D46479D}.Debug|x64.Build.0 = Debug|Any CPU
		{0DBA3A41-FAB5-41A4-8E33-254A5D46479D}.Debug|x86.ActiveCfg = Debug|Any CPU
		{0DBA3A41-FAB5-41A4-8E33-254A5D46479D}.Debug|x86.Build.0 = Debug|Any CPU
		{0DBA3A41-FAB5-41A4-8E33-254A5D46479D}.Release|Any CPU.ActiveCfg = Release|Any CPU
		{0DBA3A41-FAB5-41A4-8E33-254A5D46479D}.Release|Any CPU.Build.0 = Release|Any CPU
		{0DBA3A41-FAB5-41A4-8E33-254A5D46479D}.Release|x64.ActiveCfg = Release|Any CPU
		{0DBA3A41-FAB5-41A4-8E33-254A5D46479D}.Release|x64.Build.0 = Release|Any CPU
		{0DBA3A41-FAB5-41A4-8E33-254A5D46479D}.Release|x86.ActiveCfg = Release|Any CPU
		{0DBA3A41-FAB5-41A4-8E33-254A5D46479D}.Release|x86.Build.0 = Release|Any CPU
		{5B4DB09E-2DE0-41C3-A426-36B6DE8BE3E2}.Debug|Any CPU.ActiveCfg = Debug|Any CPU
		{5B4DB09E-2DE0-41C3-A426-36B6DE8BE3E2}.Debug|Any CPU.Build.0 = Debug|Any CPU
		{5B4DB09E-2DE0-41C3-A426-36B6DE8BE3E2}.Debug|x64.ActiveCfg = Debug|Any CPU
		{5B4DB09E-2DE0-41C3-A426-36B6DE8BE3E2}.Debug|x64.Build.0 = Debug|Any CPU
		{5B4DB09E-2DE0-41C3-A426-36B6DE8BE3E2}.Debug|x86.ActiveCfg = Debug|Any CPU
		{5B4DB09E-2DE0-41C3-A426-36B6DE8BE3E2}.Debug|x86.Build.0 = Debug|Any CPU
		{5B4DB09E-2DE0-41C3-A426-36B6DE8BE3E2}.Release|Any CPU.ActiveCfg = Release|Any CPU
		{5B4DB09E-2DE0-41C3-A426-36B6DE8BE3E2}.Release|Any CPU.Build.0 = Release|Any CPU
		{5B4DB09E-2DE0-41C3-A426-36B6DE8BE3E2}.Release|x64.ActiveCfg = Release|Any CPU
		{5B4DB09E-2DE0-41C3-A426-36B6DE8BE3E2}.Release|x64.Build.0 = Release|Any CPU
		{5B4DB09E-2DE0-41C3-A426-36B6DE8BE3E2}.Release|x86.ActiveCfg = Release|Any CPU
		{5B4DB09E-2DE0-41C3-A426-36B6DE8BE3E2}.Release|x86.Build.0 = Release|Any CPU
		{A8F89505-204E-4748-B741-DEED47E4A91B}.Debug|Any CPU.ActiveCfg = Debug|Any CPU
		{A8F89505-204E-4748-B741-DEED47E4A91B}.Debug|Any CPU.Build.0 = Debug|Any CPU
		{A8F89505-204E-4748-B741-DEED47E4A91B}.Debug|x64.ActiveCfg = Debug|Any CPU
		{A8F89505-204E-4748-B741-DEED47E4A91B}.Debug|x64.Build.0 = Debug|Any CPU
		{A8F89505-204E-4748-B741-DEED47E4A91B}.Debug|x86.ActiveCfg = Debug|Any CPU
		{A8F89505-204E-4748-B741-DEED47E4A91B}.Debug|x86.Build.0 = Debug|Any CPU
		{A8F89505-204E-4748-B741-DEED47E4A91B}.Release|Any CPU.ActiveCfg = Release|Any CPU
		{A8F89505-204E-4748-B741-DEED47E4A91B}.Release|Any CPU.Build.0 = Release|Any CPU
		{A8F89505-204E-4748-B741-DEED47E4A91B}.Release|x64.ActiveCfg = Release|Any CPU
		{A8F89505-204E-4748-B741-DEED47E4A91B}.Release|x64.Build.0 = Release|Any CPU
		{A8F89505-204E-4748-B741-DEED47E4A91B}.Release|x86.ActiveCfg = Release|Any CPU
		{A8F89505-204E-4748-B741-DEED47E4A91B}.Release|x86.Build.0 = Release|Any CPU
	EndGlobalSection
EndGlobal
